
Microsoft Visual Studio Solution File, Format Version 11.00
# Visual C++ Express 2010
Project("{8BC9CEB8-8B4A-11D0-8D11-00A0C91BC942}") = "visualEpidemic", "visualEpidemic\visualEpidemic.vcxproj", "{533DD4ED-C06C-422D-86B7-D7FDA74CABD3}"
EndProject
Global
	GlobalSection(SolutionConfigurationPlatforms) = preSolution
		Debug|Win32 = Debug|Win32
		Release|Win32 = Release|Win32
	EndGlobalSection
	GlobalSection(ProjectConfigurationPlatforms) = postSolution
		{533DD4ED-C06C-422D-86B7-D7FDA74CABD3}.Debug|Win32.ActiveCfg = Debug|Win32
		{533DD4ED-C06C-422D-86B7-D7FDA74CABD3}.Debug|Win32.Build.0 = Debug|Win32
		{533DD4ED-C06C-422D-86B7-D7FDA74CABD3}.Release|Win32.ActiveCfg = Release|Win32
		{533DD4ED-C06C-422D-86B7-D7FDA74CABD3}.Release|Win32.Build.0 = Release|Win32
	EndGlobalSection
	GlobalSection(SolutionProperties) = preSolution
		HideSolutionNode = FALSE
	EndGlobalSection
EndGlobal
